
Microsoft Visual Studio Solution File, Format Version 12.00
# Visual Studio Version 17
VisualStudioVersion = 17.2.32630.192
MinimumVisualStudioVersion = 10.0.40219.1
Project("{FAE04EC0-301F-11D3-BF4B-00C04F79EFBC}") = "WebApplication1", "WebApplication1.csproj", "{BBC6C48D-0946-4277-8A72-5560538F31F7}"
EndProject
Global
	GlobalSection(SolutionConfigurationPlatforms) = preSolution
		Debug|Any CPU = Debug|Any CPU
		Release|Any CPU = Release|Any CPU
	EndGlobalSection
	GlobalSection(ProjectConfigurationPlatforms) = postSolution
		{BBC6C48D-0946-4277-8A72-5560538F31F7}.Debug|Any CPU.ActiveCfg = Debug|Any CPU
		{BBC6C48D-0946-4277-8A72-5560538F31F7}.Debug|Any CPU.Build.0 = Debug|Any CPU
		{BBC6C48D-0946-4277-8A72-5560538F31F7}.Release|Any CPU.ActiveCfg = Release|Any CPU
		{BBC6C48D-0946-4277-8A72-5560538F31F7}.Release|Any CPU.Build.0 = Release|Any CPU
	EndGlobalSection
	GlobalSection(SolutionProperties) = preSolution
		HideSolutionNode = FALSE
	EndGlobalSection
	GlobalSection(ExtensibilityGlobals) = postSolution
		SolutionGuid = {B1737364-3BC5-411D-96BB-5E392153515D}
	EndGlobalSection
EndGlobal
