
Microsoft Visual Studio Solution File, Format Version 12.00
# Visual Studio Version 17
VisualStudioVersion = 17.2.32630.192
MinimumVisualStudioVersion = 10.0.40219.1
Project("{FAE04EC0-301F-11D3-BF4B-00C04F79EFBC}") = "WebApplication1", "WebApplication1.csproj", "{B6A9A7D7-D19D-4D88-B1FC-36195F8893AB}"
EndProject
Global
	GlobalSection(SolutionConfigurationPlatforms) = preSolution
		Debug|Any CPU = Debug|Any CPU
		Release|Any CPU = Release|Any CPU
	EndGlobalSection
	GlobalSection(ProjectConfigurationPlatforms) = postSolution
		{B6A9A7D7-D19D-4D88-B1FC-36195F8893AB}.Debug|Any CPU.ActiveCfg = Debug|Any CPU
		{B6A9A7D7-D19D-4D88-B1FC-36195F8893AB}.Debug|Any CPU.Build.0 = Debug|Any CPU
		{B6A9A7D7-D19D-4D88-B1FC-36195F8893AB}.Release|Any CPU.ActiveCfg = Release|Any CPU
		{B6A9A7D7-D19D-4D88-B1FC-36195F8893AB}.Release|Any CPU.Build.0 = Release|Any CPU
	EndGlobalSection
	GlobalSection(SolutionProperties) = preSolution
		HideSolutionNode = FALSE
	EndGlobalSection
	GlobalSection(ExtensibilityGlobals) = postSolution
		SolutionGuid = {ECCC667A-92BC-4727-9F98-2642A0AFDC97}
	EndGlobalSection
EndGlobal
