
Microsoft Visual Studio Solution File, Format Version 12.00
# Visual Studio Version 17
VisualStudioVersion = 17.2.32630.192
MinimumVisualStudioVersion = 10.0.40219.1
Project("{FAE04EC0-301F-11D3-BF4B-00C04F79EFBC}") = "WebApplication1", "WebApplication1.csproj", "{539E9E6E-632C-4567-AE38-3B2621301B19}"
EndProject
Global
	GlobalSection(SolutionConfigurationPlatforms) = preSolution
		Debug|Any CPU = Debug|Any CPU
		Release|Any CPU = Release|Any CPU
	EndGlobalSection
	GlobalSection(ProjectConfigurationPlatforms) = postSolution
		{539E9E6E-632C-4567-AE38-3B2621301B19}.Debug|Any CPU.ActiveCfg = Debug|Any CPU
		{539E9E6E-632C-4567-AE38-3B2621301B19}.Debug|Any CPU.Build.0 = Debug|Any CPU
		{539E9E6E-632C-4567-AE38-3B2621301B19}.Release|Any CPU.ActiveCfg = Release|Any CPU
		{539E9E6E-632C-4567-AE38-3B2621301B19}.Release|Any CPU.Build.0 = Release|Any CPU
	EndGlobalSection
	GlobalSection(SolutionProperties) = preSolution
		HideSolutionNode = FALSE
	EndGlobalSection
	GlobalSection(ExtensibilityGlobals) = postSolution
		SolutionGuid = {47C0B16B-98C8-457A-A787-8B4923287D16}
	EndGlobalSection
EndGlobal
