
Microsoft Visual Studio Solution File, Format Version 12.00
# Visual Studio Version 17
VisualStudioVersion = 17.2.32630.192
MinimumVisualStudioVersion = 10.0.40219.1
Project("{FAE04EC0-301F-11D3-BF4B-00C04F79EFBC}") = "FIT5032_Calender_Map", "FIT5032_Calender_Map.csproj", "{8545F9D6-0AE0-4FE5-A53E-41DB5FF63520}"
EndProject
Global
	GlobalSection(SolutionConfigurationPlatforms) = preSolution
		Debug|Any CPU = Debug|Any CPU
		Release|Any CPU = Release|Any CPU
	EndGlobalSection
	GlobalSection(ProjectConfigurationPlatforms) = postSolution
		{8545F9D6-0AE0-4FE5-A53E-41DB5FF63520}.Debug|Any CPU.ActiveCfg = Debug|Any CPU
		{8545F9D6-0AE0-4FE5-A53E-41DB5FF63520}.Debug|Any CPU.Build.0 = Debug|Any CPU
		{8545F9D6-0AE0-4FE5-A53E-41DB5FF63520}.Release|Any CPU.ActiveCfg = Release|Any CPU
		{8545F9D6-0AE0-4FE5-A53E-41DB5FF63520}.Release|Any CPU.Build.0 = Release|Any CPU
	EndGlobalSection
	GlobalSection(SolutionProperties) = preSolution
		HideSolutionNode = FALSE
	EndGlobalSection
	GlobalSection(ExtensibilityGlobals) = postSolution
		SolutionGuid = {4AEEEEBF-EF4B-4F46-BD8B-E30161ECCA57}
	EndGlobalSection
EndGlobal
