
Microsoft Visual Studio Solution File, Format Version 12.00
# Visual Studio Version 17
VisualStudioVersion = 17.2.32630.192
MinimumVisualStudioVersion = 10.0.40219.1
Project("{FAE04EC0-301F-11D3-BF4B-00C04F79EFBC}") = "WebApplication1", "WebApplication1.csproj", "{3E72845E-395C-4BEC-848A-C05843681C94}"
EndProject
Global
	GlobalSection(SolutionConfigurationPlatforms) = preSolution
		Debug|Any CPU = Debug|Any CPU
		Release|Any CPU = Release|Any CPU
	EndGlobalSection
	GlobalSection(ProjectConfigurationPlatforms) = postSolution
		{3E72845E-395C-4BEC-848A-C05843681C94}.Debug|Any CPU.ActiveCfg = Debug|Any CPU
		{3E72845E-395C-4BEC-848A-C05843681C94}.Debug|Any CPU.Build.0 = Debug|Any CPU
		{3E72845E-395C-4BEC-848A-C05843681C94}.Release|Any CPU.ActiveCfg = Release|Any CPU
		{3E72845E-395C-4BEC-848A-C05843681C94}.Release|Any CPU.Build.0 = Release|Any CPU
	EndGlobalSection
	GlobalSection(SolutionProperties) = preSolution
		HideSolutionNode = FALSE
	EndGlobalSection
	GlobalSection(ExtensibilityGlobals) = postSolution
		SolutionGuid = {BA929F6A-26B8-4F70-A4DA-C7A68783679C}
	EndGlobalSection
EndGlobal
