
Microsoft Visual Studio Solution File, Format Version 12.00
# Visual Studio Version 17
VisualStudioVersion = 17.2.32630.192
MinimumVisualStudioVersion = 10.0.40219.1
Project("{FAE04EC0-301F-11D3-BF4B-00C04F79EFBC}") = "Assignment2", "Assignment2.csproj", "{18494299-9094-4F8C-ABC2-410EA11275FB}"
EndProject
Global
	GlobalSection(SolutionConfigurationPlatforms) = preSolution
		Debug|Any CPU = Debug|Any CPU
		Release|Any CPU = Release|Any CPU
	EndGlobalSection
	GlobalSection(ProjectConfigurationPlatforms) = postSolution
		{18494299-9094-4F8C-ABC2-410EA11275FB}.Debug|Any CPU.ActiveCfg = Debug|Any CPU
		{18494299-9094-4F8C-ABC2-410EA11275FB}.Debug|Any CPU.Build.0 = Debug|Any CPU
		{18494299-9094-4F8C-ABC2-410EA11275FB}.Release|Any CPU.ActiveCfg = Release|Any CPU
		{18494299-9094-4F8C-ABC2-410EA11275FB}.Release|Any CPU.Build.0 = Release|Any CPU
	EndGlobalSection
	GlobalSection(SolutionProperties) = preSolution
		HideSolutionNode = FALSE
	EndGlobalSection
	GlobalSection(ExtensibilityGlobals) = postSolution
		SolutionGuid = {7D003192-A903-4014-8431-82D905B3BB27}
	EndGlobalSection
EndGlobal
